
Microsoft Visual Studio Solution File, Format Version 12.00
# Visual Studio Version 16
VisualStudioVersion = 16.0.30002.166
MinimumVisualStudioVersion = 10.0.40219.1
Project("{FAE04EC0-301F-11D3-BF4B-00C04F79EFBC}") = "Dbackend", "Dbackend\Dbackend.csproj", "{F244788B-2E6A-426B-890A-ED87EE22485D}"
EndProject
Global
	GlobalSection(SolutionConfigurationPlatforms) = preSolution
		Debug|Any CPU = Debug|Any CPU
		Release|Any CPU = Release|Any CPU
	EndGlobalSection
	GlobalSection(ProjectConfigurationPlatforms) = postSolution
		{F244788B-2E6A-426B-890A-ED87EE22485D}.Debug|Any CPU.ActiveCfg = Debug|Any CPU
		{F244788B-2E6A-426B-890A-ED87EE22485D}.Debug|Any CPU.Build.0 = Debug|Any CPU
		{F244788B-2E6A-426B-890A-ED87EE22485D}.Release|Any CPU.ActiveCfg = Release|Any CPU
		{F244788B-2E6A-426B-890A-ED87EE22485D}.Release|Any CPU.Build.0 = Release|Any CPU
	EndGlobalSection
	GlobalSection(SolutionProperties) = preSolution
		HideSolutionNode = FALSE
	EndGlobalSection
	GlobalSection(ExtensibilityGlobals) = postSolution
		SolutionGuid = {72BA4086-95EE-462C-AF17-F3997920A7C3}
	EndGlobalSection
EndGlobal
